
Microsoft Visual Studio Solution File, Format Version 12.00
# Visual Studio 15
VisualStudioVersion = 15.0.27130.2020
MinimumVisualStudioVersion = 10.0.40219.1
Project("{FAE04EC0-301F-11D3-BF4B-00C04F79EFBC}") = "Dnu.AutorizadorParabilia_NCliente", "Dnu.AutorizadorParabilia_NCliente.csproj", "{5B93D0A5-FC60-4A4C-AD14-4706F8265277}"
EndProject
Project("{FAE04EC0-301F-11D3-BF4B-00C04F79EFBC}") = "DNU.AutorizadorParabilia_NCliente.Test", "DNU.AutorizadorParabilia_NCliente.Test\DNU.AutorizadorParabilia_NCliente.Test.csproj", "{A9B0B994-C6F9-43B1-B702-C35A494B723C}"
EndProject
Global
	GlobalSection(SolutionConfigurationPlatforms) = preSolution
		Debug|Any CPU = Debug|Any CPU
		Release|Any CPU = Release|Any CPU
	EndGlobalSection
	GlobalSection(ProjectConfigurationPlatforms) = postSolution
		{5B93D0A5-FC60-4A4C-AD14-4706F8265277}.Debug|Any CPU.ActiveCfg = Debug|Any CPU
		{5B93D0A5-FC60-4A4C-AD14-4706F8265277}.Debug|Any CPU.Build.0 = Debug|Any CPU
		{5B93D0A5-FC60-4A4C-AD14-4706F8265277}.Release|Any CPU.ActiveCfg = Release|Any CPU
		{5B93D0A5-FC60-4A4C-AD14-4706F8265277}.Release|Any CPU.Build.0 = Release|Any CPU
		{A9B0B994-C6F9-43B1-B702-C35A494B723C}.Debug|Any CPU.ActiveCfg = Debug|Any CPU
		{A9B0B994-C6F9-43B1-B702-C35A494B723C}.Debug|Any CPU.Build.0 = Debug|Any CPU
		{A9B0B994-C6F9-43B1-B702-C35A494B723C}.Release|Any CPU.ActiveCfg = Release|Any CPU
		{A9B0B994-C6F9-43B1-B702-C35A494B723C}.Release|Any CPU.Build.0 = Release|Any CPU
	EndGlobalSection
	GlobalSection(SolutionProperties) = preSolution
		HideSolutionNode = FALSE
	EndGlobalSection
	GlobalSection(ExtensibilityGlobals) = postSolution
		SolutionGuid = {85CA283E-A318-4AC6-BEE2-9C3312CB309D}
	EndGlobalSection
	GlobalSection(TeamFoundationVersionControl) = preSolution
		SccNumberOfProjects = 3
		SccEnterpriseProvider = {4CA58AB2-18FA-4F8D-95D4-32DDF27D184C}
		SccTeamFoundationServer = http://64.34.163.109:9090/tfs/dnu_procesos
		SccProjectUniqueName0 = Dnu.AutorizadorParabilia_NCliente.csproj
		SccLocalPath0 = .
		SccLocalPath1 = .
		SccProjectUniqueName2 = DNU.AutorizadorParabilia_NCliente.Test\\DNU.AutorizadorParabilia_NCliente.Test.csproj
		SccProjectName2 = DNU.AutorizadorParabilia_NCliente.Test
		SccLocalPath2 = DNU.AutorizadorParabilia_NCliente.Test
	EndGlobalSection
EndGlobal
