
Microsoft Visual Studio Solution File, Format Version 12.00
# Visual Studio 15
VisualStudioVersion = 15.0.27130.2020
MinimumVisualStudioVersion = 10.0.40219.1
Project("{FAE04EC0-301F-11D3-BF4B-00C04F79EFBC}") = "MonitoreoCacaoPN", "MonitoreoCacaoPN\MonitoreoCacaoPN.csproj", "{3CFD7DB9-AECF-4362-89C4-52857E74F45F}"
EndProject
Project("{FAE04EC0-301F-11D3-BF4B-00C04F79EFBC}") = "Dnu.MonitoreoServiciosCacao.DataContract", "Dnu.MonitoreoServiciosCacao.DataContract\Dnu.MonitoreoServiciosCacao.DataContract.csproj", "{AC57DCF8-A0F4-4C07-96B4-BAFAD532CA82}"
EndProject
Global
	GlobalSection(SolutionConfigurationPlatforms) = preSolution
		Debug|Any CPU = Debug|Any CPU
		Release|Any CPU = Release|Any CPU
	EndGlobalSection
	GlobalSection(ProjectConfigurationPlatforms) = postSolution
		{3CFD7DB9-AECF-4362-89C4-52857E74F45F}.Debug|Any CPU.ActiveCfg = Debug|Any CPU
		{3CFD7DB9-AECF-4362-89C4-52857E74F45F}.Debug|Any CPU.Build.0 = Debug|Any CPU
		{3CFD7DB9-AECF-4362-89C4-52857E74F45F}.Release|Any CPU.ActiveCfg = Release|Any CPU
		{3CFD7DB9-AECF-4362-89C4-52857E74F45F}.Release|Any CPU.Build.0 = Release|Any CPU
		{AC57DCF8-A0F4-4C07-96B4-BAFAD532CA82}.Debug|Any CPU.ActiveCfg = Debug|Any CPU
		{AC57DCF8-A0F4-4C07-96B4-BAFAD532CA82}.Debug|Any CPU.Build.0 = Debug|Any CPU
		{AC57DCF8-A0F4-4C07-96B4-BAFAD532CA82}.Release|Any CPU.ActiveCfg = Release|Any CPU
		{AC57DCF8-A0F4-4C07-96B4-BAFAD532CA82}.Release|Any CPU.Build.0 = Release|Any CPU
	EndGlobalSection
	GlobalSection(SolutionProperties) = preSolution
		HideSolutionNode = FALSE
	EndGlobalSection
	GlobalSection(ExtensibilityGlobals) = postSolution
		SolutionGuid = {D445F067-B912-4D72-9C69-235C9AF2293E}
	EndGlobalSection
	GlobalSection(TeamFoundationVersionControl) = preSolution
		SccNumberOfProjects = 3
		SccEnterpriseProvider = {4CA58AB2-18FA-4F8D-95D4-32DDF27D184C}
		SccTeamFoundationServer = http://64.34.163.109:9090/tfs/dnu_procesos
		SccLocalPath0 = .
		SccProjectUniqueName1 = Dnu.MonitoreoServiciosCacao.DataContract\\Dnu.MonitoreoServiciosCacao.DataContract.csproj
		SccProjectName1 = Dnu.MonitoreoServiciosCacao.DataContract
		SccLocalPath1 = Dnu.MonitoreoServiciosCacao.DataContract
		SccProjectUniqueName2 = MonitoreoCacaoPN\\MonitoreoCacaoPN.csproj
		SccProjectName2 = MonitoreoCacaoPN
		SccLocalPath2 = MonitoreoCacaoPN
	EndGlobalSection
EndGlobal
